
Microsoft Visual Studio Solution File, Format Version 12.00
# Visual Studio Version 17
VisualStudioVersion = 17.11.35222.181
MinimumVisualStudioVersion = 10.0.40219.1
Project("{FAE04EC0-301F-11D3-BF4B-00C04F79EFBC}") = "CapsLockNote", "CapsLockNote\CapsLockNote.csproj", "{C773E5BD-C2B2-4EAB-BE13-CB229D790245}"
EndProject
Global
	GlobalSection(SolutionConfigurationPlatforms) = preSolution
		Debug|Any CPU = Debug|Any CPU
		Release|Any CPU = Release|Any CPU
	EndGlobalSection
	GlobalSection(ProjectConfigurationPlatforms) = postSolution
		{C773E5BD-C2B2-4EAB-BE13-CB229D790245}.Debug|Any CPU.ActiveCfg = Debug|Any CPU
		{C773E5BD-C2B2-4EAB-BE13-CB229D790245}.Debug|Any CPU.Build.0 = Debug|Any CPU
		{C773E5BD-C2B2-4EAB-BE13-CB229D790245}.Release|Any CPU.ActiveCfg = Release|Any CPU
		{C773E5BD-C2B2-4EAB-BE13-CB229D790245}.Release|Any CPU.Build.0 = Release|Any CPU
	EndGlobalSection
	GlobalSection(SolutionProperties) = preSolution
		HideSolutionNode = FALSE
	EndGlobalSection
	GlobalSection(ExtensibilityGlobals) = postSolution
		SolutionGuid = {984CECCE-2259-4920-A5BD-5E8BC6D13838}
	EndGlobalSection
EndGlobal
